# THIS IS AN AUTOGENERATED FILE. DO NOT EDIT THIS FILE DIRECTLY.
# yarn lockfile v1


"@types/node@^15.12.2":
  version "15.12.2"
  resolved "https://registry.nlark.com/@types/node/download/@types/node-15.12.2.tgz#1f2b42c4be7156ff4a6f914b2fb03d05fa84e38d"
  integrity sha1-HytCxL5xVv9Kb5FLL7A9BfqE440=
